
Microsoft Visual Studio Solution File, Format Version 12.00
# Visual Studio Version 16
VisualStudioVersion = 16.0.32802.440
MinimumVisualStudioVersion = 10.0.40219.1
Project("{FAE04EC0-301F-11D3-BF4B-00C04F79EFBC}") = "FashionBoutique", "FashionBoutique\FashionBoutique.csproj", "{CAFD4083-A4AA-4352-9AF3-EB909B184F5A}"
EndProject
Global
	GlobalSection(SolutionConfigurationPlatforms) = preSolution
		Debug|Any CPU = Debug|Any CPU
		Release|Any CPU = Release|Any CPU
	EndGlobalSection
	GlobalSection(ProjectConfigurationPlatforms) = postSolution
		{CAFD4083-A4AA-4352-9AF3-EB909B184F5A}.Debug|Any CPU.ActiveCfg = Debug|Any CPU
		{CAFD4083-A4AA-4352-9AF3-EB909B184F5A}.Debug|Any CPU.Build.0 = Debug|Any CPU
		{CAFD4083-A4AA-4352-9AF3-EB909B184F5A}.Release|Any CPU.ActiveCfg = Release|Any CPU
		{CAFD4083-A4AA-4352-9AF3-EB909B184F5A}.Release|Any CPU.Build.0 = Release|Any CPU
	EndGlobalSection
	GlobalSection(SolutionProperties) = preSolution
		HideSolutionNode = FALSE
	EndGlobalSection
	GlobalSection(ExtensibilityGlobals) = postSolution
		SolutionGuid = {CF726BEE-2F25-42B0-9DC7-34BCA93F88AD}
	EndGlobalSection
EndGlobal
