
Microsoft Visual Studio Solution File, Format Version 12.00
# Visual Studio Version 16
VisualStudioVersion = 16.0.32802.440
MinimumVisualStudioVersion = 10.0.40219.1
Project("{FAE04EC0-301F-11D3-BF4B-00C04F79EFBC}") = "SimpleCalculator", "SimpleCalculator\SimpleCalculator.csproj", "{20726312-BD5E-41AF-B818-D67CE3616543}"
EndProject
Global
	GlobalSection(SolutionConfigurationPlatforms) = preSolution
		Debug|Any CPU = Debug|Any CPU
		Release|Any CPU = Release|Any CPU
	EndGlobalSection
	GlobalSection(ProjectConfigurationPlatforms) = postSolution
		{20726312-BD5E-41AF-B818-D67CE3616543}.Debug|Any CPU.ActiveCfg = Debug|Any CPU
		{20726312-BD5E-41AF-B818-D67CE3616543}.Debug|Any CPU.Build.0 = Debug|Any CPU
		{20726312-BD5E-41AF-B818-D67CE3616543}.Release|Any CPU.ActiveCfg = Release|Any CPU
		{20726312-BD5E-41AF-B818-D67CE3616543}.Release|Any CPU.Build.0 = Release|Any CPU
	EndGlobalSection
	GlobalSection(SolutionProperties) = preSolution
		HideSolutionNode = FALSE
	EndGlobalSection
	GlobalSection(ExtensibilityGlobals) = postSolution
		SolutionGuid = {FCE723A0-7A3F-4D99-984D-509E5838B321}
	EndGlobalSection
EndGlobal
