
Microsoft Visual Studio Solution File, Format Version 12.00
# Visual Studio Version 16
VisualStudioVersion = 16.0.32802.440
MinimumVisualStudioVersion = 10.0.40219.1
Project("{FAE04EC0-301F-11D3-BF4B-00C04F79EFBC}") = "SquaresInMatrix", "SquaresInMatrix\SquaresInMatrix.csproj", "{99F5C2B4-AC07-4C6C-A934-A4C4145E7D9D}"
EndProject
Global
	GlobalSection(SolutionConfigurationPlatforms) = preSolution
		Debug|Any CPU = Debug|Any CPU
		Release|Any CPU = Release|Any CPU
	EndGlobalSection
	GlobalSection(ProjectConfigurationPlatforms) = postSolution
		{99F5C2B4-AC07-4C6C-A934-A4C4145E7D9D}.Debug|Any CPU.ActiveCfg = Debug|Any CPU
		{99F5C2B4-AC07-4C6C-A934-A4C4145E7D9D}.Debug|Any CPU.Build.0 = Debug|Any CPU
		{99F5C2B4-AC07-4C6C-A934-A4C4145E7D9D}.Release|Any CPU.ActiveCfg = Release|Any CPU
		{99F5C2B4-AC07-4C6C-A934-A4C4145E7D9D}.Release|Any CPU.Build.0 = Release|Any CPU
	EndGlobalSection
	GlobalSection(SolutionProperties) = preSolution
		HideSolutionNode = FALSE
	EndGlobalSection
	GlobalSection(ExtensibilityGlobals) = postSolution
		SolutionGuid = {6FEC55C0-FFFE-4F63-A9DC-E17E933381BC}
	EndGlobalSection
EndGlobal
