
Microsoft Visual Studio Solution File, Format Version 12.00
# Visual Studio Version 16
VisualStudioVersion = 16.0.32802.440
MinimumVisualStudioVersion = 10.0.40219.1
Project("{FAE04EC0-301F-11D3-BF4B-00C04F79EFBC}") = "HelpAMole", "HelpAMole\HelpAMole.csproj", "{29261B75-2F97-484E-ADF6-9B46BC8D567D}"
EndProject
Global
	GlobalSection(SolutionConfigurationPlatforms) = preSolution
		Debug|Any CPU = Debug|Any CPU
		Release|Any CPU = Release|Any CPU
	EndGlobalSection
	GlobalSection(ProjectConfigurationPlatforms) = postSolution
		{29261B75-2F97-484E-ADF6-9B46BC8D567D}.Debug|Any CPU.ActiveCfg = Debug|Any CPU
		{29261B75-2F97-484E-ADF6-9B46BC8D567D}.Debug|Any CPU.Build.0 = Debug|Any CPU
		{29261B75-2F97-484E-ADF6-9B46BC8D567D}.Release|Any CPU.ActiveCfg = Release|Any CPU
		{29261B75-2F97-484E-ADF6-9B46BC8D567D}.Release|Any CPU.Build.0 = Release|Any CPU
	EndGlobalSection
	GlobalSection(SolutionProperties) = preSolution
		HideSolutionNode = FALSE
	EndGlobalSection
	GlobalSection(ExtensibilityGlobals) = postSolution
		SolutionGuid = {787B51E6-531A-42B4-8D44-5C0490A19AD1}
	EndGlobalSection
EndGlobal
