
Microsoft Visual Studio Solution File, Format Version 12.00
# Visual Studio Version 16
VisualStudioVersion = 16.0.32802.440
MinimumVisualStudioVersion = 10.0.40219.1
Project("{FAE04EC0-301F-11D3-BF4B-00C04F79EFBC}") = "MatrixShuffling", "MatrixShuffling\MatrixShuffling.csproj", "{1AD6AAB9-2162-4182-A6F3-1EBFBC03429C}"
EndProject
Global
	GlobalSection(SolutionConfigurationPlatforms) = preSolution
		Debug|Any CPU = Debug|Any CPU
		Release|Any CPU = Release|Any CPU
	EndGlobalSection
	GlobalSection(ProjectConfigurationPlatforms) = postSolution
		{1AD6AAB9-2162-4182-A6F3-1EBFBC03429C}.Debug|Any CPU.ActiveCfg = Debug|Any CPU
		{1AD6AAB9-2162-4182-A6F3-1EBFBC03429C}.Debug|Any CPU.Build.0 = Debug|Any CPU
		{1AD6AAB9-2162-4182-A6F3-1EBFBC03429C}.Release|Any CPU.ActiveCfg = Release|Any CPU
		{1AD6AAB9-2162-4182-A6F3-1EBFBC03429C}.Release|Any CPU.Build.0 = Release|Any CPU
	EndGlobalSection
	GlobalSection(SolutionProperties) = preSolution
		HideSolutionNode = FALSE
	EndGlobalSection
	GlobalSection(ExtensibilityGlobals) = postSolution
		SolutionGuid = {0AF715DB-81B0-44EA-928E-E4DEE935A726}
	EndGlobalSection
EndGlobal
