
Microsoft Visual Studio Solution File, Format Version 12.00
# Visual Studio Version 16
VisualStudioVersion = 16.0.32802.440
MinimumVisualStudioVersion = 10.0.40219.1
Project("{FAE04EC0-301F-11D3-BF4B-00C04F79EFBC}") = "SimpleTextEditor", "SimpleTextEditor\SimpleTextEditor.csproj", "{12D7AA6A-0CF1-43D6-B61B-C49BCCF2F30D}"
EndProject
Global
	GlobalSection(SolutionConfigurationPlatforms) = preSolution
		Debug|Any CPU = Debug|Any CPU
		Release|Any CPU = Release|Any CPU
	EndGlobalSection
	GlobalSection(ProjectConfigurationPlatforms) = postSolution
		{12D7AA6A-0CF1-43D6-B61B-C49BCCF2F30D}.Debug|Any CPU.ActiveCfg = Debug|Any CPU
		{12D7AA6A-0CF1-43D6-B61B-C49BCCF2F30D}.Debug|Any CPU.Build.0 = Debug|Any CPU
		{12D7AA6A-0CF1-43D6-B61B-C49BCCF2F30D}.Release|Any CPU.ActiveCfg = Release|Any CPU
		{12D7AA6A-0CF1-43D6-B61B-C49BCCF2F30D}.Release|Any CPU.Build.0 = Release|Any CPU
	EndGlobalSection
	GlobalSection(SolutionProperties) = preSolution
		HideSolutionNode = FALSE
	EndGlobalSection
	GlobalSection(ExtensibilityGlobals) = postSolution
		SolutionGuid = {1E4F0C9E-DFD8-4145-9704-F8AD7EE0324A}
	EndGlobalSection
EndGlobal
