
Microsoft Visual Studio Solution File, Format Version 12.00
# Visual Studio Version 16
VisualStudioVersion = 16.0.32929.386
MinimumVisualStudioVersion = 10.0.40219.1
Project("{FAE04EC0-301F-11D3-BF4B-00C04F79EFBC}") = "GenericBoxOfStrings", "GenericBoxOfStrings\GenericBoxOfStrings.csproj", "{8E38E902-434D-4912-A068-FA42AB03ACB3}"
EndProject
Global
	GlobalSection(SolutionConfigurationPlatforms) = preSolution
		Debug|Any CPU = Debug|Any CPU
		Release|Any CPU = Release|Any CPU
	EndGlobalSection
	GlobalSection(ProjectConfigurationPlatforms) = postSolution
		{8E38E902-434D-4912-A068-FA42AB03ACB3}.Debug|Any CPU.ActiveCfg = Debug|Any CPU
		{8E38E902-434D-4912-A068-FA42AB03ACB3}.Debug|Any CPU.Build.0 = Debug|Any CPU
		{8E38E902-434D-4912-A068-FA42AB03ACB3}.Release|Any CPU.ActiveCfg = Release|Any CPU
		{8E38E902-434D-4912-A068-FA42AB03ACB3}.Release|Any CPU.Build.0 = Release|Any CPU
	EndGlobalSection
	GlobalSection(SolutionProperties) = preSolution
		HideSolutionNode = FALSE
	EndGlobalSection
	GlobalSection(ExtensibilityGlobals) = postSolution
		SolutionGuid = {C92E4C7D-6F1F-4F6A-B0A6-4596D1837B97}
	EndGlobalSection
EndGlobal
