
Microsoft Visual Studio Solution File, Format Version 12.00
# Visual Studio Version 16
VisualStudioVersion = 16.0.32802.440
MinimumVisualStudioVersion = 10.0.40219.1
Project("{9A19103F-16F7-4668-BE54-9A1E7A4F7556}") = "Renovators", "Renovators.csproj", "{03D66AFE-566A-40CE-9E92-0B214AA9E206}"
EndProject
Global
	GlobalSection(SolutionConfigurationPlatforms) = preSolution
		Debug|Any CPU = Debug|Any CPU
		Release|Any CPU = Release|Any CPU
	EndGlobalSection
	GlobalSection(ProjectConfigurationPlatforms) = postSolution
		{03D66AFE-566A-40CE-9E92-0B214AA9E206}.Debug|Any CPU.ActiveCfg = Debug|Any CPU
		{03D66AFE-566A-40CE-9E92-0B214AA9E206}.Debug|Any CPU.Build.0 = Debug|Any CPU
		{03D66AFE-566A-40CE-9E92-0B214AA9E206}.Release|Any CPU.ActiveCfg = Release|Any CPU
		{03D66AFE-566A-40CE-9E92-0B214AA9E206}.Release|Any CPU.Build.0 = Release|Any CPU
	EndGlobalSection
	GlobalSection(SolutionProperties) = preSolution
		HideSolutionNode = FALSE
	EndGlobalSection
	GlobalSection(ExtensibilityGlobals) = postSolution
		SolutionGuid = {585A125F-12EE-4C90-AAA5-B9A1F958B8EA}
	EndGlobalSection
EndGlobal
